
Microsoft Visual Studio Solution File, Format Version 12.00
# Visual Studio Version 17
VisualStudioVersion = 17.7.34302.85
MinimumVisualStudioVersion = 10.0.40219.1
Project("{9A19103F-16F7-4668-BE54-9A1E7A4F7556}") = "HayvanatBahcesi_Kayıt_Alma-Gösterme", "HayvanatBahcesi_Kayıt_Alma-Gösterme.csproj", "{5E22A94A-36B7-47ED-A66F-D081BD95BD50}"
EndProject
Global
	GlobalSection(SolutionConfigurationPlatforms) = preSolution
		Debug|Any CPU = Debug|Any CPU
		Release|Any CPU = Release|Any CPU
	EndGlobalSection
	GlobalSection(ProjectConfigurationPlatforms) = postSolution
		{5E22A94A-36B7-47ED-A66F-D081BD95BD50}.Debug|Any CPU.ActiveCfg = Debug|Any CPU
		{5E22A94A-36B7-47ED-A66F-D081BD95BD50}.Debug|Any CPU.Build.0 = Debug|Any CPU
		{5E22A94A-36B7-47ED-A66F-D081BD95BD50}.Release|Any CPU.ActiveCfg = Release|Any CPU
		{5E22A94A-36B7-47ED-A66F-D081BD95BD50}.Release|Any CPU.Build.0 = Release|Any CPU
	EndGlobalSection
	GlobalSection(SolutionProperties) = preSolution
		HideSolutionNode = FALSE
	EndGlobalSection
	GlobalSection(ExtensibilityGlobals) = postSolution
		SolutionGuid = {412CE4B5-24E5-493F-A6D0-6E936FFAE4A1}
	EndGlobalSection
EndGlobal
